PODS:
  - GoogleAnalytics-iOS-SDK (3.0.2)
  - NewRelicAgent (3.130)
  - NSData+Base64 (1.0.0)
  - Reachability (3.1.1)

DEPENDENCIES:
  - GoogleAnalytics-iOS-SDK (~> 3.0.2)
  - NewRelicAgent (~> 3.130)
  - NSData+Base64 (~> 1.0.0)
  - Reachability (~> 3.1.1)

SPEC CHECKSUMS:
  GoogleAnalytics-iOS-SDK: 86393b99f7328ae8d8e975fcaa8632a39dafafe8
  NewRelicAgent: f43bfece2cee0be2e1f7950b40c2f5cdd04422b3
  NSData+Base64: 4819562faee4544e3cf5703f2139820b09732b28
  Reachability: be4883bb93f31e38266ae3365e5600a317aae735

COCOAPODS: 0.28.0
