// !$*UTF8*$!
{
	archiveVersion = 1;
	classes = {
	};
	objectVersion = 46;
	objects = {

/* Begin PBXBuildFile section */
		3D32397517A953B2005ACF01 /* Place.m in Sources */ = {isa = PBXBuildFile; fileRef = 3D32397417A953B2005ACF01 /* Place.m */; };
		3D32397817A9549A005ACF01 /* PlaceModel.m in Sources */ = {isa = PBXBuildFile; fileRef = 3D32397717A9549A005ACF01 /* PlaceModel.m */; };
		3D32397B17AAA3EF005ACF01 /* BookmarkViewController.m in Sources */ = {isa = PBXBuildFile; fileRef = 3D32397A17AAA3EF005ACF01 /* BookmarkViewController.m */; };
		3D4985FF17A16A5500CB2CF2 /* border.png in Resources */ = {isa = PBXBuildFile; fileRef = 3D4985FC17A16A5500CB2CF2 /* border.png */; };
		3D49860017A16A5500CB2CF2 /* numbers.png in Resources */ = {isa = PBXBuildFile; fileRef = 3D4985FD17A16A5500CB2CF2 /* numbers.png */; };
		3D49860117A16A5500CB2CF2 /* pointer.png in Resources */ = {isa = PBXBuildFile; fileRef = 3D4985FE17A16A5500CB2CF2 /* pointer.png */; };
		3D49863D17A8245C00CB2CF2 /* README in Resources */ = {isa = PBXBuildFile; fileRef = 3D49863C17A8245C00CB2CF2 /* README */; };
		3D6275FE1781C65B00A4B675 /* UIKit.framework in Frameworks */ = {isa = PBXBuildFile; fileRef = 3D6275FD1781C65B00A4B675 /* UIKit.framework */; };
		3D6276001781C65B00A4B675 /* Foundation.framework in Frameworks */ = {isa = PBXBuildFile; fileRef = 3D6275FF1781C65B00A4B675 /* Foundation.framework */; };
		3D6276021781C65B00A4B675 /* CoreGraphics.framework in Frameworks */ = {isa = PBXBuildFile; fileRef = 3D6276011781C65B00A4B675 /* CoreGraphics.framework */; };
		3D6276041781C65B00A4B675 /* CoreData.framework in Frameworks */ = {isa = PBXBuildFile; fileRef = 3D6276031781C65B00A4B675 /* CoreData.framework */; };
		3D62760A1781C65B00A4B675 /* InfoPlist.strings in Resources */ = {isa = PBXBuildFile; fileRef = 3D6276081781C65B00A4B675 /* InfoPlist.strings */; };
		3D62760C1781C65B00A4B675 /* main.m in Sources */ = {isa = PBXBuildFile; fileRef = 3D62760B1781C65B00A4B675 /* main.m */; };
		3D6276101781C65B00A4B675 /* AppDelegate.m in Sources */ = {isa = PBXBuildFile; fileRef = 3D62760F1781C65B00A4B675 /* AppDelegate.m */; };
		3D6276121781C65B00A4B675 /* Default.png in Resources */ = {isa = PBXBuildFile; fileRef = 3D6276111781C65B00A4B675 /* Default.png */; };
		3D6276141781C65B00A4B675 /* Default@2x.png in Resources */ = {isa = PBXBuildFile; fileRef = 3D6276131781C65B00A4B675 /* Default@2x.png */; };
		3D6276161781C65B00A4B675 /* Default-568h@2x.png in Resources */ = {isa = PBXBuildFile; fileRef = 3D6276151781C65B00A4B675 /* Default-568h@2x.png */; };
		3D6276191781C65B00A4B675 /* MainStoryboard.storyboard in Resources */ = {isa = PBXBuildFile; fileRef = 3D6276171781C65B00A4B675 /* MainStoryboard.storyboard */; };
		3D62761C1781C65B00A4B675 /* TripCompass.xcdatamodeld in Sources */ = {isa = PBXBuildFile; fileRef = 3D62761A1781C65B00A4B675 /* TripCompass.xcdatamodeld */; };
		3D62761F1781C65B00A4B675 /* MainViewController.m in Sources */ = {isa = PBXBuildFile; fileRef = 3D62761E1781C65B00A4B675 /* MainViewController.m */; };
		3D6276221781C65B00A4B675 /* FlipsideViewController.m in Sources */ = {isa = PBXBuildFile; fileRef = 3D6276211781C65B00A4B675 /* FlipsideViewController.m */; };
		3D62762A1781C65B00A4B675 /* SenTestingKit.framework in Frameworks */ = {isa = PBXBuildFile; fileRef = 3D6276291781C65B00A4B675 /* SenTestingKit.framework */; };
		3D62762B1781C65B00A4B675 /* UIKit.framework in Frameworks */ = {isa = PBXBuildFile; fileRef = 3D6275FD1781C65B00A4B675 /* UIKit.framework */; };
		3D62762C1781C65B00A4B675 /* Foundation.framework in Frameworks */ = {isa = PBXBuildFile; fileRef = 3D6275FF1781C65B00A4B675 /* Foundation.framework */; };
		3D62762D1781C65B00A4B675 /* CoreData.framework in Frameworks */ = {isa = PBXBuildFile; fileRef = 3D6276031781C65B00A4B675 /* CoreData.framework */; };
		3D6276351781C65B00A4B675 /* InfoPlist.strings in Resources */ = {isa = PBXBuildFile; fileRef = 3D6276331781C65B00A4B675 /* InfoPlist.strings */; };
		3D6276381781C65B00A4B675 /* TripCompassTests.m in Sources */ = {isa = PBXBuildFile; fileRef = 3D6276371781C65B00A4B675 /* TripCompassTests.m */; };
		3D6276421781C7A000A4B675 /* CoreLocation.framework in Frameworks */ = {isa = PBXBuildFile; fileRef = 3D6276411781C7A000A4B675 /* CoreLocation.framework */; };
		3D8E2CE61787B44900AA0F0D /* CompassHelperTests.m in Sources */ = {isa = PBXBuildFile; fileRef = 3D8E2CE51787B44900AA0F0D /* CompassHelperTests.m */; };
		3D8E2CEF178EF4AD00AA0F0D /* SearchViewController.m in Sources */ = {isa = PBXBuildFile; fileRef = 3D8E2CEE178EF4AD00AA0F0D /* SearchViewController.m */; };
		3DA654AA179D7B4A00424430 /* Util.m in Sources */ = {isa = PBXBuildFile; fileRef = 3DA654A9179D7B4A00424430 /* Util.m */; };
		3DD35A5F17B925EB0066D58E /* 07-map-marker.png in Resources */ = {isa = PBXBuildFile; fileRef = 3DD35A5E17B925EB0066D58E /* 07-map-marker.png */; };
		3DD93F2E1787A6F1003908A7 /* CompassHelper.m in Sources */ = {isa = PBXBuildFile; fileRef = 3DD93F2D1787A6F1003908A7 /* CompassHelper.m */; };
		A01548ADA0B341BEB2D8F853 /* libPods.a in Frameworks */ = {isa = PBXBuildFile; fileRef = E8ADDE2DB8744F0B935F7809 /* libPods.a */; };
/* End PBXBuildFile section */

/* Begin PBXContainerItemProxy section */
		3D62762E1781C65B00A4B675 /* PBXContainerItemProxy */ = {
			isa = PBXContainerItemProxy;
			containerPortal = 3D6275F21781C65B00A4B675 /* Project object */;
			proxyType = 1;
			remoteGlobalIDString = 3D6275F91781C65B00A4B675;
			remoteInfo = TripCompass;
		};
/* End PBXContainerItemProxy section */

/* Begin PBXFileReference section */
		3D32397417A953B2005ACF01 /* Place.m */ = {isa = PBXFileReference; fileEncoding = 4; lastKnownFileType = sourcecode.c.objc; path = Place.m; sourceTree = "<group>"; };
		3D32397617A9549A005ACF01 /* PlaceModel.h */ = {isa = PBXFileReference; fileEncoding = 4; lastKnownFileType = sourcecode.c.h; path = PlaceModel.h; sourceTree = "<group>"; };
		3D32397717A9549A005ACF01 /* PlaceModel.m */ = {isa = PBXFileReference; fileEncoding = 4; lastKnownFileType = sourcecode.c.objc; path = PlaceModel.m; sourceTree = "<group>"; };
		3D32397917AAA3EF005ACF01 /* BookmarkViewController.h */ = {isa = PBXFileReference; fileEncoding = 4; lastKnownFileType = sourcecode.c.h; path = BookmarkViewController.h; sourceTree = "<group>"; };
		3D32397A17AAA3EF005ACF01 /* BookmarkViewController.m */ = {isa = PBXFileReference; fileEncoding = 4; lastKnownFileType = sourcecode.c.objc; path = BookmarkViewController.m; sourceTree = "<group>"; };
		3D4985FC17A16A5500CB2CF2 /* border.png */ = {isa = PBXFileReference; lastKnownFileType = image.png; path = border.png; sourceTree = "<group>"; };
		3D4985FD17A16A5500CB2CF2 /* numbers.png */ = {isa = PBXFileReference; lastKnownFileType = image.png; path = numbers.png; sourceTree = "<group>"; };
		3D4985FE17A16A5500CB2CF2 /* pointer.png */ = {isa = PBXFileReference; lastKnownFileType = image.png; path = pointer.png; sourceTree = "<group>"; };
		3D49863C17A8245C00CB2CF2 /* README */ = {isa = PBXFileReference; fileEncoding = 4; lastKnownFileType = text; path = README; sourceTree = "<group>"; };
		3D6275FA1781C65B00A4B675 /* TripCompass.app */ = {isa = PBXFileReference; explicitFileType = wrapper.application; includeInIndex = 0; path = TripCompass.app; sourceTree = BUILT_PRODUCTS_DIR; };
		3D6275FD1781C65B00A4B675 /* UIKit.framework */ = {isa = PBXFileReference; lastKnownFileType = wrapper.framework; name = UIKit.framework; path = System/Library/Frameworks/UIKit.framework; sourceTree = SDKROOT; };
		3D6275FF1781C65B00A4B675 /* Foundation.framework */ = {isa = PBXFileReference; lastKnownFileType = wrapper.framework; name = Foundation.framework; path = System/Library/Frameworks/Foundation.framework; sourceTree = SDKROOT; };
		3D6276011781C65B00A4B675 /* CoreGraphics.framework */ = {isa = PBXFileReference; lastKnownFileType = wrapper.framework; name = CoreGraphics.framework; path = System/Library/Frameworks/CoreGraphics.framework; sourceTree = SDKROOT; };
		3D6276031781C65B00A4B675 /* CoreData.framework */ = {isa = PBXFileReference; lastKnownFileType = wrapper.framework; name = CoreData.framework; path = System/Library/Frameworks/CoreData.framework; sourceTree = SDKROOT; };
		3D6276071781C65B00A4B675 /* TripCompass-Info.plist */ = {isa = PBXFileReference; lastKnownFileType = text.plist.xml; path = "TripCompass-Info.plist"; sourceTree = "<group>"; };
		3D6276091781C65B00A4B675 /* en */ = {isa = PBXFileReference; lastKnownFileType = text.plist.strings; name = en; path = en.lproj/InfoPlist.strings; sourceTree = "<group>"; };
		3D62760B1781C65B00A4B675 /* main.m */ = {isa = PBXFileReference; lastKnownFileType = sourcecode.c.objc; path = main.m; sourceTree = "<group>"; };
		3D62760D1781C65B00A4B675 /* TripCompass-Prefix.pch */ = {isa = PBXFileReference; lastKnownFileType = sourcecode.c.h; path = "TripCompass-Prefix.pch"; sourceTree = "<group>"; };
		3D62760E1781C65B00A4B675 /* AppDelegate.h */ = {isa = PBXFileReference; lastKnownFileType = sourcecode.c.h; path = AppDelegate.h; sourceTree = "<group>"; };
		3D62760F1781C65B00A4B675 /* AppDelegate.m */ = {isa = PBXFileReference; lastKnownFileType = sourcecode.c.objc; path = AppDelegate.m; sourceTree = "<group>"; };
		3D6276111781C65B00A4B675 /* Default.png */ = {isa = PBXFileReference; lastKnownFileType = image.png; path = Default.png; sourceTree = "<group>"; };
		3D6276131781C65B00A4B675 /* Default@2x.png */ = {isa = PBXFileReference; lastKnownFileType = image.png; path = "Default@2x.png"; sourceTree = "<group>"; };
		3D6276151781C65B00A4B675 /* Default-568h@2x.png */ = {isa = PBXFileReference; lastKnownFileType = image.png; path = "Default-568h@2x.png"; sourceTree = "<group>"; };
		3D6276181781C65B00A4B675 /* en */ = {isa = PBXFileReference; lastKnownFileType = file.storyboard; name = en; path = en.lproj/MainStoryboard.storyboard; sourceTree = "<group>"; };
		3D62761B1781C65B00A4B675 /* TripCompass.xcdatamodel */ = {isa = PBXFileReference; lastKnownFileType = wrapper.xcdatamodel; path = TripCompass.xcdatamodel; sourceTree = "<group>"; };
		3D62761D1781C65B00A4B675 /* MainViewController.h */ = {isa = PBXFileReference; lastKnownFileType = sourcecode.c.h; path = MainViewController.h; sourceTree = "<group>"; };
		3D62761E1781C65B00A4B675 /* MainViewController.m */ = {isa = PBXFileReference; lastKnownFileType = sourcecode.c.objc; path = MainViewController.m; sourceTree = "<group>"; };
		3D6276201781C65B00A4B675 /* FlipsideViewController.h */ = {isa = PBXFileReference; lastKnownFileType = sourcecode.c.h; path = FlipsideViewController.h; sourceTree = "<group>"; };
		3D6276211781C65B00A4B675 /* FlipsideViewController.m */ = {isa = PBXFileReference; lastKnownFileType = sourcecode.c.objc; path = FlipsideViewController.m; sourceTree = "<group>"; };
		3D6276281781C65B00A4B675 /* TripCompassTests.octest */ = {isa = PBXFileReference; explicitFileType = wrapper.cfbundle; includeInIndex = 0; path = TripCompassTests.octest; sourceTree = BUILT_PRODUCTS_DIR; };
		3D6276291781C65B00A4B675 /* SenTestingKit.framework */ = {isa = PBXFileReference; lastKnownFileType = wrapper.framework; name = SenTestingKit.framework; path = Library/Frameworks/SenTestingKit.framework; sourceTree = DEVELOPER_DIR; };
		3D6276321781C65B00A4B675 /* TripCompassTests-Info.plist */ = {isa = PBXFileReference; lastKnownFileType = text.plist.xml; path = "TripCompassTests-Info.plist"; sourceTree = "<group>"; };
		3D6276341781C65B00A4B675 /* en */ = {isa = PBXFileReference; lastKnownFileType = text.plist.strings; name = en; path = en.lproj/InfoPlist.strings; sourceTree = "<group>"; };
		3D6276361781C65B00A4B675 /* TripCompassTests.h */ = {isa = PBXFileReference; lastKnownFileType = sourcecode.c.h; path = TripCompassTests.h; sourceTree = "<group>"; };
		3D6276371781C65B00A4B675 /* TripCompassTests.m */ = {isa = PBXFileReference; lastKnownFileType = sourcecode.c.objc; path = TripCompassTests.m; sourceTree = "<group>"; };
		3D6276411781C7A000A4B675 /* CoreLocation.framework */ = {isa = PBXFileReference; lastKnownFileType = wrapper.framework; name = CoreLocation.framework; path = System/Library/Frameworks/CoreLocation.framework; sourceTree = SDKROOT; };
		3D8E2CE41787B44900AA0F0D /* CompassHelperTests.h */ = {isa = PBXFileReference; fileEncoding = 4; lastKnownFileType = sourcecode.c.h; path = CompassHelperTests.h; sourceTree = "<group>"; };
		3D8E2CE51787B44900AA0F0D /* CompassHelperTests.m */ = {isa = PBXFileReference; fileEncoding = 4; lastKnownFileType = sourcecode.c.objc; path = CompassHelperTests.m; sourceTree = "<group>"; };
		3D8E2CED178EF4AD00AA0F0D /* SearchViewController.h */ = {isa = PBXFileReference; fileEncoding = 4; lastKnownFileType = sourcecode.c.h; path = SearchViewController.h; sourceTree = "<group>"; };
		3D8E2CEE178EF4AD00AA0F0D /* SearchViewController.m */ = {isa = PBXFileReference; fileEncoding = 4; lastKnownFileType = sourcecode.c.objc; path = SearchViewController.m; sourceTree = "<group>"; };
		3D8E2CF0179049CC00AA0F0D /* Place.h */ = {isa = PBXFileReference; fileEncoding = 4; lastKnownFileType = sourcecode.c.h; path = Place.h; sourceTree = "<group>"; };
		3DA654A8179D7B4A00424430 /* Util.h */ = {isa = PBXFileReference; fileEncoding = 4; lastKnownFileType = sourcecode.c.h; path = Util.h; sourceTree = "<group>"; };
		3DA654A9179D7B4A00424430 /* Util.m */ = {isa = PBXFileReference; fileEncoding = 4; lastKnownFileType = sourcecode.c.objc; path = Util.m; sourceTree = "<group>"; };
		3DD35A5E17B925EB0066D58E /* 07-map-marker.png */ = {isa = PBXFileReference; lastKnownFileType = image.png; path = "07-map-marker.png"; sourceTree = "<group>"; };
		3DD93F2C1787A6F1003908A7 /* CompassHelper.h */ = {isa = PBXFileReference; fileEncoding = 4; lastKnownFileType = sourcecode.c.h; path = CompassHelper.h; sourceTree = "<group>"; };
		3DD93F2D1787A6F1003908A7 /* CompassHelper.m */ = {isa = PBXFileReference; fileEncoding = 4; lastKnownFileType = sourcecode.c.objc; path = CompassHelper.m; sourceTree = "<group>"; };
		71BB837CDB524BE6BD1B4999 /* Pods.xcconfig */ = {isa = PBXFileReference; includeInIndex = 1; lastKnownFileType = text.xcconfig; name = Pods.xcconfig; path = Pods/Pods.xcconfig; sourceTree = SOURCE_ROOT; };
		E8ADDE2DB8744F0B935F7809 /* libPods.a */ = {isa = PBXFileReference; explicitFileType = archive.ar; includeInIndex = 0; path = libPods.a; sourceTree = BUILT_PRODUCTS_DIR; };
/* End PBXFileReference section */

/* Begin PBXFrameworksBuildPhase section */
		3D6275F71781C65B00A4B675 /* Frameworks */ = {
			isa = PBXFrameworksBuildPhase;
			buildActionMask = 2147483647;
			files = (
				3D6276421781C7A000A4B675 /* CoreLocation.framework in Frameworks */,
				3D6275FE1781C65B00A4B675 /* UIKit.framework in Frameworks */,
				3D6276001781C65B00A4B675 /* Foundation.framework in Frameworks */,
				3D6276021781C65B00A4B675 /* CoreGraphics.framework in Frameworks */,
				3D6276041781C65B00A4B675 /* CoreData.framework in Frameworks */,
				A01548ADA0B341BEB2D8F853 /* libPods.a in Frameworks */,
			);
			runOnlyForDeploymentPostprocessing = 0;
		};
		3D6276241781C65B00A4B675 /* Frameworks */ = {
			isa = PBXFrameworksBuildPhase;
			buildActionMask = 2147483647;
			files = (
				3D62762A1781C65B00A4B675 /* SenTestingKit.framework in Frameworks */,
				3D62762B1781C65B00A4B675 /* UIKit.framework in Frameworks */,
				3D62762C1781C65B00A4B675 /* Foundation.framework in Frameworks */,
				3D62762D1781C65B00A4B675 /* CoreData.framework in Frameworks */,
			);
			runOnlyForDeploymentPostprocessing = 0;
		};
/* End PBXFrameworksBuildPhase section */

/* Begin PBXGroup section */
		3D6275F11781C65B00A4B675 = {
			isa = PBXGroup;
			children = (
				3D6276051781C65B00A4B675 /* TripCompass */,
				3D6276301781C65B00A4B675 /* TripCompassTests */,
				3D6275FC1781C65B00A4B675 /* Frameworks */,
				3D6275FB1781C65B00A4B675 /* Products */,
				71BB837CDB524BE6BD1B4999 /* Pods.xcconfig */,
			);
			sourceTree = "<group>";
		};
		3D6275FB1781C65B00A4B675 /* Products */ = {
			isa = PBXGroup;
			children = (
				3D6275FA1781C65B00A4B675 /* TripCompass.app */,
				3D6276281781C65B00A4B675 /* TripCompassTests.octest */,
			);
			name = Products;
			sourceTree = "<group>";
		};
		3D6275FC1781C65B00A4B675 /* Frameworks */ = {
			isa = PBXGroup;
			children = (
				3D6276411781C7A000A4B675 /* CoreLocation.framework */,
				3D6275FD1781C65B00A4B675 /* UIKit.framework */,
				3D6275FF1781C65B00A4B675 /* Foundation.framework */,
				3D6276011781C65B00A4B675 /* CoreGraphics.framework */,
				3D6276031781C65B00A4B675 /* CoreData.framework */,
				3D6276291781C65B00A4B675 /* SenTestingKit.framework */,
				E8ADDE2DB8744F0B935F7809 /* libPods.a */,
			);
			name = Frameworks;
			sourceTree = "<group>";
		};
		3D6276051781C65B00A4B675 /* TripCompass */ = {
			isa = PBXGroup;
			children = (
				3D62760E1781C65B00A4B675 /* AppDelegate.h */,
				3D62760F1781C65B00A4B675 /* AppDelegate.m */,
				3DD93F2C1787A6F1003908A7 /* CompassHelper.h */,
				3DD93F2D1787A6F1003908A7 /* CompassHelper.m */,
				3D6276201781C65B00A4B675 /* FlipsideViewController.h */,
				3D6276211781C65B00A4B675 /* FlipsideViewController.m */,
				3D6276171781C65B00A4B675 /* MainStoryboard.storyboard */,
				3D62761D1781C65B00A4B675 /* MainViewController.h */,
				3D62761E1781C65B00A4B675 /* MainViewController.m */,
				3D8E2CF0179049CC00AA0F0D /* Place.h */,
				3D32397417A953B2005ACF01 /* Place.m */,
				3D49863C17A8245C00CB2CF2 /* README */,
				3D8E2CED178EF4AD00AA0F0D /* SearchViewController.h */,
				3D8E2CEE178EF4AD00AA0F0D /* SearchViewController.m */,
				3D32397917AAA3EF005ACF01 /* BookmarkViewController.h */,
				3D32397A17AAA3EF005ACF01 /* BookmarkViewController.m */,
				3D62761A1781C65B00A4B675 /* TripCompass.xcdatamodeld */,
				3D32397617A9549A005ACF01 /* PlaceModel.h */,
				3D32397717A9549A005ACF01 /* PlaceModel.m */,
				3DA654A8179D7B4A00424430 /* Util.h */,
				3DA654A9179D7B4A00424430 /* Util.m */,
				3D6276061781C65B00A4B675 /* Supporting Files */,
			);
			path = TripCompass;
			sourceTree = "<group>";
		};
		3D6276061781C65B00A4B675 /* Supporting Files */ = {
			isa = PBXGroup;
			children = (
				3DD35A5E17B925EB0066D58E /* 07-map-marker.png */,
				3D4985FC17A16A5500CB2CF2 /* border.png */,
				3D4985FD17A16A5500CB2CF2 /* numbers.png */,
				3D4985FE17A16A5500CB2CF2 /* pointer.png */,
				3D6276071781C65B00A4B675 /* TripCompass-Info.plist */,
				3D6276081781C65B00A4B675 /* InfoPlist.strings */,
				3D62760B1781C65B00A4B675 /* main.m */,
				3D62760D1781C65B00A4B675 /* TripCompass-Prefix.pch */,
				3D6276111781C65B00A4B675 /* Default.png */,
				3D6276131781C65B00A4B675 /* Default@2x.png */,
				3D6276151781C65B00A4B675 /* Default-568h@2x.png */,
			);
			name = "Supporting Files";
			sourceTree = "<group>";
		};
		3D6276301781C65B00A4B675 /* TripCompassTests */ = {
			isa = PBXGroup;
			children = (
				3D6276361781C65B00A4B675 /* TripCompassTests.h */,
				3D6276371781C65B00A4B675 /* TripCompassTests.m */,
				3D6276311781C65B00A4B675 /* Supporting Files */,
				3D8E2CE41787B44900AA0F0D /* CompassHelperTests.h */,
				3D8E2CE51787B44900AA0F0D /* CompassHelperTests.m */,
			);
			path = TripCompassTests;
			sourceTree = "<group>";
		};
		3D6276311781C65B00A4B675 /* Supporting Files */ = {
			isa = PBXGroup;
			children = (
				3D6276321781C65B00A4B675 /* TripCompassTests-Info.plist */,
				3D6276331781C65B00A4B675 /* InfoPlist.strings */,
			);
			name = "Supporting Files";
			sourceTree = "<group>";
		};
/* End PBXGroup section */

/* Begin PBXNativeTarget section */
		3D6275F91781C65B00A4B675 /* TripCompass */ = {
			isa = PBXNativeTarget;
			buildConfigurationList = 3D62763B1781C65B00A4B675 /* Build configuration list for PBXNativeTarget "TripCompass" */;
			buildPhases = (
				DA130F9B94F24FD8B086699B /* Check Pods Manifest.lock */,
				3D6275F61781C65B00A4B675 /* Sources */,
				3D6275F71781C65B00A4B675 /* Frameworks */,
				3D6275F81781C65B00A4B675 /* Resources */,
				78FF85E55EA54AE497140A65 /* Copy Pods Resources */,
			);
			buildRules = (
			);
			dependencies = (
			);
			name = TripCompass;
			productName = TripCompass;
			productReference = 3D6275FA1781C65B00A4B675 /* TripCompass.app */;
			productType = "com.apple.product-type.application";
		};
		3D6276271781C65B00A4B675 /* TripCompassTests */ = {
			isa = PBXNativeTarget;
			buildConfigurationList = 3D62763E1781C65B00A4B675 /* Build configuration list for PBXNativeTarget "TripCompassTests" */;
			buildPhases = (
				3D6276231781C65B00A4B675 /* Sources */,
				3D6276241781C65B00A4B675 /* Frameworks */,
				3D6276251781C65B00A4B675 /* Resources */,
				3D6276261781C65B00A4B675 /* ShellScript */,
			);
			buildRules = (
			);
			dependencies = (
				3D62762F1781C65B00A4B675 /* PBXTargetDependency */,
			);
			name = TripCompassTests;
			productName = TripCompassTests;
			productReference = 3D6276281781C65B00A4B675 /* TripCompassTests.octest */;
			productType = "com.apple.product-type.bundle";
		};
/* End PBXNativeTarget section */

/* Begin PBXProject section */
		3D6275F21781C65B00A4B675 /* Project object */ = {
			isa = PBXProject;
			attributes = {
				LastUpgradeCheck = 0460;
				ORGANIZATIONNAME = "Context Software";
			};
			buildConfigurationList = 3D6275F51781C65B00A4B675 /* Build configuration list for PBXProject "TripCompass" */;
			compatibilityVersion = "Xcode 3.2";
			developmentRegion = English;
			hasScannedForEncodings = 0;
			knownRegions = (
				en,
			);
			mainGroup = 3D6275F11781C65B00A4B675;
			productRefGroup = 3D6275FB1781C65B00A4B675 /* Products */;
			projectDirPath = "";
			projectRoot = "";
			targets = (
				3D6275F91781C65B00A4B675 /* TripCompass */,
				3D6276271781C65B00A4B675 /* TripCompassTests */,
			);
		};
/* End PBXProject section */

/* Begin PBXResourcesBuildPhase section */
		3D6275F81781C65B00A4B675 /* Resources */ = {
			isa = PBXResourcesBuildPhase;
			buildActionMask = 2147483647;
			files = (
				3D62760A1781C65B00A4B675 /* InfoPlist.strings in Resources */,
				3D6276121781C65B00A4B675 /* Default.png in Resources */,
				3D6276141781C65B00A4B675 /* Default@2x.png in Resources */,
				3D6276161781C65B00A4B675 /* Default-568h@2x.png in Resources */,
				3D6276191781C65B00A4B675 /* MainStoryboard.storyboard in Resources */,
				3D4985FF17A16A5500CB2CF2 /* border.png in Resources */,
				3D49860017A16A5500CB2CF2 /* numbers.png in Resources */,
				3D49860117A16A5500CB2CF2 /* pointer.png in Resources */,
				3D49863D17A8245C00CB2CF2 /* README in Resources */,
				3DD35A5F17B925EB0066D58E /* 07-map-marker.png in Resources */,
			);
			runOnlyForDeploymentPostprocessing = 0;
		};
		3D6276251781C65B00A4B675 /* Resources */ = {
			isa = PBXResourcesBuildPhase;
			buildActionMask = 2147483647;
			files = (
				3D6276351781C65B00A4B675 /* InfoPlist.strings in Resources */,
			);
			runOnlyForDeploymentPostprocessing = 0;
		};
/* End PBXResourcesBuildPhase section */

/* Begin PBXShellScriptBuildPhase section */
		3D6276261781C65B00A4B675 /* ShellScript */ = {
			isa = PBXShellScriptBuildPhase;
			buildActionMask = 2147483647;
			files = (
			);
			inputPaths = (
			);
			outputPaths = (
			);
			runOnlyForDeploymentPostprocessing = 0;
			shellPath = /bin/sh;
			shellScript = "# Run the unit tests in this test bundle.\n\"${SYSTEM_DEVELOPER_DIR}/Tools/RunUnitTests\"\n";
		};
		78FF85E55EA54AE497140A65 /* Copy Pods Resources */ = {
			isa = PBXShellScriptBuildPhase;
			buildActionMask = 2147483647;
			files = (
			);
			inputPaths = (
			);
			name = "Copy Pods Resources";
			outputPaths = (
			);
			runOnlyForDeploymentPostprocessing = 0;
			shellPath = /bin/sh;
			shellScript = "\"${SRCROOT}/Pods/Pods-resources.sh\"\n";
			showEnvVarsInLog = 0;
		};
		DA130F9B94F24FD8B086699B /* Check Pods Manifest.lock */ = {
			isa = PBXShellScriptBuildPhase;
			buildActionMask = 2147483647;
			files = (
			);
			inputPaths = (
			);
			name = "Check Pods Manifest.lock";
			outputPaths = (
			);
			runOnlyForDeploymentPostprocessing = 0;
			shellPath = /bin/sh;
			shellScript = "diff \"${PODS_ROOT}/../Podfile.lock\" \"${PODS_ROOT}/Manifest.lock\" > /dev/null\nif [[ $? != 0 ]] ; then\n    cat << EOM\nerror: The sandbox is not in sync with the Podfile.lock. Run 'pod install' or update your CocoaPods installation.\nEOM\n    exit 1\nfi\n";
			showEnvVarsInLog = 0;
		};
/* End PBXShellScriptBuildPhase section */

/* Begin PBXSourcesBuildPhase section */
		3D6275F61781C65B00A4B675 /* Sources */ = {
			isa = PBXSourcesBuildPhase;
			buildActionMask = 2147483647;
			files = (
				3D62760C1781C65B00A4B675 /* main.m in Sources */,
				3D6276101781C65B00A4B675 /* AppDelegate.m in Sources */,
				3D62761C1781C65B00A4B675 /* TripCompass.xcdatamodeld in Sources */,
				3D62761F1781C65B00A4B675 /* MainViewController.m in Sources */,
				3D6276221781C65B00A4B675 /* FlipsideViewController.m in Sources */,
				3DD93F2E1787A6F1003908A7 /* CompassHelper.m in Sources */,
				3D8E2CEF178EF4AD00AA0F0D /* SearchViewController.m in Sources */,
				3DA654AA179D7B4A00424430 /* Util.m in Sources */,
				3D32397517A953B2005ACF01 /* Place.m in Sources */,
				3D32397817A9549A005ACF01 /* PlaceModel.m in Sources */,
				3D32397B17AAA3EF005ACF01 /* BookmarkViewController.m in Sources */,
			);
			runOnlyForDeploymentPostprocessing = 0;
		};
		3D6276231781C65B00A4B675 /* Sources */ = {
			isa = PBXSourcesBuildPhase;
			buildActionMask = 2147483647;
			files = (
				3D6276381781C65B00A4B675 /* TripCompassTests.m in Sources */,
				3D8E2CE61787B44900AA0F0D /* CompassHelperTests.m in Sources */,
			);
			runOnlyForDeploymentPostprocessing = 0;
		};
/* End PBXSourcesBuildPhase section */

/* Begin PBXTargetDependency section */
		3D62762F1781C65B00A4B675 /* PBXTargetDependency */ = {
			isa = PBXTargetDependency;
			target = 3D6275F91781C65B00A4B675 /* TripCompass */;
			targetProxy = 3D62762E1781C65B00A4B675 /* PBXContainerItemProxy */;
		};
/* End PBXTargetDependency section */

/* Begin PBXVariantGroup section */
		3D6276081781C65B00A4B675 /* InfoPlist.strings */ = {
			isa = PBXVariantGroup;
			children = (
				3D6276091781C65B00A4B675 /* en */,
			);
			name = InfoPlist.strings;
			sourceTree = "<group>";
		};
		3D6276171781C65B00A4B675 /* MainStoryboard.storyboard */ = {
			isa = PBXVariantGroup;
			children = (
				3D6276181781C65B00A4B675 /* en */,
			);
			name = MainStoryboard.storyboard;
			sourceTree = "<group>";
		};
		3D6276331781C65B00A4B675 /* InfoPlist.strings */ = {
			isa = PBXVariantGroup;
			children = (
				3D6276341781C65B00A4B675 /* en */,
			);
			name = InfoPlist.strings;
			sourceTree = "<group>";
		};
/* End PBXVariantGroup section */

/* Begin XCBuildConfiguration section */
		3D6276391781C65B00A4B675 /* Debug */ = {
			isa = XCBuildConfiguration;
			buildSettings = {
				ALWAYS_SEARCH_USER_PATHS = NO;
				CLANG_CXX_LANGUAGE_STANDARD = "gnu++0x";
				CLANG_CXX_LIBRARY = "libc++";
				CLANG_ENABLE_OBJC_ARC = YES;
				CLANG_WARN_CONSTANT_CONVERSION = YES;
				CLANG_WARN_EMPTY_BODY = YES;
				CLANG_WARN_ENUM_CONVERSION = YES;
				CLANG_WARN_INT_CONVERSION = YES;
				CLANG_WARN__DUPLICATE_METHOD_MATCH = YES;
				"CODE_SIGN_IDENTITY[sdk=iphoneos*]" = "iPhone Developer";
				COPY_PHASE_STRIP = NO;
				GCC_C_LANGUAGE_STANDARD = gnu99;
				GCC_DYNAMIC_NO_PIC = NO;
				GCC_OPTIMIZATION_LEVEL = 0;
				GCC_PREPROCESSOR_DEFINITIONS = (
					"DEBUG=1",
					"$(inherited)",
				);
				GCC_SYMBOLS_PRIVATE_EXTERN = NO;
				GCC_WARN_ABOUT_RETURN_TYPE = YES;
				GCC_WARN_UNINITIALIZED_AUTOS = YES;
				GCC_WARN_UNUSED_VARIABLE = YES;
				IPHONEOS_DEPLOYMENT_TARGET = 6.1;
				ONLY_ACTIVE_ARCH = YES;
				SDKROOT = iphoneos;
			};
			name = Debug;
		};
		3D62763A1781C65B00A4B675 /* Release */ = {
			isa = XCBuildConfiguration;
			buildSettings = {
				ALWAYS_SEARCH_USER_PATHS = NO;
				CLANG_CXX_LANGUAGE_STANDARD = "gnu++0x";
				CLANG_CXX_LIBRARY = "libc++";
				CLANG_ENABLE_OBJC_ARC = YES;
				CLANG_WARN_CONSTANT_CONVERSION = YES;
				CLANG_WARN_EMPTY_BODY = YES;
				CLANG_WARN_ENUM_CONVERSION = YES;
				CLANG_WARN_INT_CONVERSION = YES;
				CLANG_WARN__DUPLICATE_METHOD_MATCH = YES;
				"CODE_SIGN_IDENTITY[sdk=iphoneos*]" = "iPhone Developer";
				COPY_PHASE_STRIP = YES;
				GCC_C_LANGUAGE_STANDARD = gnu99;
				GCC_WARN_ABOUT_RETURN_TYPE = YES;
				GCC_WARN_UNINITIALIZED_AUTOS = YES;
				GCC_WARN_UNUSED_VARIABLE = YES;
				IPHONEOS_DEPLOYMENT_TARGET = 6.1;
				OTHER_CFLAGS = "-DNS_BLOCK_ASSERTIONS=1";
				SDKROOT = iphoneos;
				VALIDATE_PRODUCT = YES;
			};
			name = Release;
		};
		3D62763C1781C65B00A4B675 /* Debug */ = {
			isa = XCBuildConfiguration;
			baseConfigurationReference = 71BB837CDB524BE6BD1B4999 /* Pods.xcconfig */;
			buildSettings = {
				CODE_SIGN_IDENTITY = "iPhone Developer: Eduardo Sasso (P9L3K9LEWJ)";
				GCC_PRECOMPILE_PREFIX_HEADER = YES;
				GCC_PREFIX_HEADER = "TripCompass/TripCompass-Prefix.pch";
				INFOPLIST_FILE = "TripCompass/TripCompass-Info.plist";
				PRODUCT_NAME = "$(TARGET_NAME)";
				PROVISIONING_PROFILE = "";
				WRAPPER_EXTENSION = app;
			};
			name = Debug;
		};
		3D62763D1781C65B00A4B675 /* Release */ = {
			isa = XCBuildConfiguration;
			baseConfigurationReference = 71BB837CDB524BE6BD1B4999 /* Pods.xcconfig */;
			buildSettings = {
				CODE_SIGN_IDENTITY = "iPhone Developer: Eduardo Sasso (P9L3K9LEWJ)";
				GCC_PRECOMPILE_PREFIX_HEADER = YES;
				GCC_PREFIX_HEADER = "TripCompass/TripCompass-Prefix.pch";
				INFOPLIST_FILE = "TripCompass/TripCompass-Info.plist";
				PRODUCT_NAME = "$(TARGET_NAME)";
				PROVISIONING_PROFILE = "";
				WRAPPER_EXTENSION = app;
			};
			name = Release;
		};
		3D62763F1781C65B00A4B675 /* Debug */ = {
			isa = XCBuildConfiguration;
			buildSettings = {
				BUNDLE_LOADER = "$(BUILT_PRODUCTS_DIR)/TripCompass.app/TripCompass";
				FRAMEWORK_SEARCH_PATHS = (
					"\"$(SDKROOT)/Developer/Library/Frameworks\"",
					"\"$(DEVELOPER_LIBRARY_DIR)/Frameworks\"",
				);
				GCC_PRECOMPILE_PREFIX_HEADER = YES;
				GCC_PREFIX_HEADER = "TripCompass/TripCompass-Prefix.pch";
				INFOPLIST_FILE = "TripCompassTests/TripCompassTests-Info.plist";
				PRODUCT_NAME = "$(TARGET_NAME)";
				TEST_HOST = "$(BUNDLE_LOADER)";
				WRAPPER_EXTENSION = octest;
			};
			name = Debug;
		};
		3D6276401781C65B00A4B675 /* Release */ = {
			isa = XCBuildConfiguration;
			buildSettings = {
				BUNDLE_LOADER = "$(BUILT_PRODUCTS_DIR)/TripCompass.app/TripCompass";
				FRAMEWORK_SEARCH_PATHS = (
					"\"$(SDKROOT)/Developer/Library/Frameworks\"",
					"\"$(DEVELOPER_LIBRARY_DIR)/Frameworks\"",
				);
				GCC_PRECOMPILE_PREFIX_HEADER = YES;
				GCC_PREFIX_HEADER = "TripCompass/TripCompass-Prefix.pch";
				INFOPLIST_FILE = "TripCompassTests/TripCompassTests-Info.plist";
				PRODUCT_NAME = "$(TARGET_NAME)";
				TEST_HOST = "$(BUNDLE_LOADER)";
				WRAPPER_EXTENSION = octest;
			};
			name = Release;
		};
/* End XCBuildConfiguration section */

/* Begin XCConfigurationList section */
		3D6275F51781C65B00A4B675 /* Build configuration list for PBXProject "TripCompass" */ = {
			isa = XCConfigurationList;
			buildConfigurations = (
				3D6276391781C65B00A4B675 /* Debug */,
				3D62763A1781C65B00A4B675 /* Release */,
			);
			defaultConfigurationIsVisible = 0;
			defaultConfigurationName = Release;
		};
		3D62763B1781C65B00A4B675 /* Build configuration list for PBXNativeTarget "TripCompass" */ = {
			isa = XCConfigurationList;
			buildConfigurations = (
				3D62763C1781C65B00A4B675 /* Debug */,
				3D62763D1781C65B00A4B675 /* Release */,
			);
			defaultConfigurationIsVisible = 0;
			defaultConfigurationName = Release;
		};
		3D62763E1781C65B00A4B675 /* Build configuration list for PBXNativeTarget "TripCompassTests" */ = {
			isa = XCConfigurationList;
			buildConfigurations = (
				3D62763F1781C65B00A4B675 /* Debug */,
				3D6276401781C65B00A4B675 /* Release */,
			);
			defaultConfigurationIsVisible = 0;
			defaultConfigurationName = Release;
		};
/* End XCConfigurationList section */

/* Begin XCVersionGroup section */
		3D62761A1781C65B00A4B675 /* TripCompass.xcdatamodeld */ = {
			isa = XCVersionGroup;
			children = (
				3D62761B1781C65B00A4B675 /* TripCompass.xcdatamodel */,
			);
			currentVersion = 3D62761B1781C65B00A4B675 /* TripCompass.xcdatamodel */;
			path = TripCompass.xcdatamodeld;
			sourceTree = "<group>";
			versionGroupType = wrapper.xcdatamodel;
		};
/* End XCVersionGroup section */
	};
	rootObject = 3D6275F21781C65B00A4B675 /* Project object */;
}
